
Microsoft Visual Studio Solution File, Format Version 12.00
# Visual Studio Version 16
VisualStudioVersion = 16.0.29306.81
MinimumVisualStudioVersion = 10.0.40219.1
Project("{FAE04EC0-301F-11D3-BF4B-00C04F79EFBC}") = "MRS.Scafoold", "MRS.Scafoold\MRS.Scafoold.csproj", "{F37C5042-47FC-4E9C-9A96-73B2371E673B}"
EndProject
Global
	GlobalSection(SolutionConfigurationPlatforms) = preSolution
		Debug|Any CPU = Debug|Any CPU
		Release|Any CPU = Release|Any CPU
	EndGlobalSection
	GlobalSection(ProjectConfigurationPlatforms) = postSolution
		{F37C5042-47FC-4E9C-9A96-73B2371E673B}.Debug|Any CPU.ActiveCfg = Debug|Any CPU
		{F37C5042-47FC-4E9C-9A96-73B2371E673B}.Debug|Any CPU.Build.0 = Debug|Any CPU
		{F37C5042-47FC-4E9C-9A96-73B2371E673B}.Release|Any CPU.ActiveCfg = Release|Any CPU
		{F37C5042-47FC-4E9C-9A96-73B2371E673B}.Release|Any CPU.Build.0 = Release|Any CPU
	EndGlobalSection
	GlobalSection(SolutionProperties) = preSolution
		HideSolutionNode = FALSE
	EndGlobalSection
	GlobalSection(ExtensibilityGlobals) = postSolution
		SolutionGuid = {14C04DA9-26BD-45AB-9E66-E095027EE5DB}
	EndGlobalSection
EndGlobal
