
Microsoft Visual Studio Solution File, Format Version 12.00
# Visual Studio Version 16
VisualStudioVersion = 16.0.29306.81
MinimumVisualStudioVersion = 10.0.40219.1
Project("{FAE04EC0-301F-11D3-BF4B-00C04F79EFBC}") = "MInhaPrimeiraAPI", "MInhaPrimeiraAPI\MInhaPrimeiraAPI.csproj", "{F468CA7B-69BC-4C9D-8371-F06DC41FBC7F}"
EndProject
Global
	GlobalSection(SolutionConfigurationPlatforms) = preSolution
		Debug|Any CPU = Debug|Any CPU
		Release|Any CPU = Release|Any CPU
	EndGlobalSection
	GlobalSection(ProjectConfigurationPlatforms) = postSolution
		{F468CA7B-69BC-4C9D-8371-F06DC41FBC7F}.Debug|Any CPU.ActiveCfg = Debug|Any CPU
		{F468CA7B-69BC-4C9D-8371-F06DC41FBC7F}.Debug|Any CPU.Build.0 = Debug|Any CPU
		{F468CA7B-69BC-4C9D-8371-F06DC41FBC7F}.Release|Any CPU.ActiveCfg = Release|Any CPU
		{F468CA7B-69BC-4C9D-8371-F06DC41FBC7F}.Release|Any CPU.Build.0 = Release|Any CPU
	EndGlobalSection
	GlobalSection(SolutionProperties) = preSolution
		HideSolutionNode = FALSE
	EndGlobalSection
	GlobalSection(ExtensibilityGlobals) = postSolution
		SolutionGuid = {03CD8DA1-1B20-4B0D-9664-A8744E6745B3}
	EndGlobalSection
EndGlobal
